
Microsoft Visual Studio Solution File, Format Version 12.00
# Visual Studio 15
VisualStudioVersion = 15.0.26403.7
MinimumVisualStudioVersion = 10.0.40219.1
Project("{FAE04EC0-301F-11D3-BF4B-00C04F79EFBC}") = "UITest1", "UITest1\UITest1.csproj", "{712EEB25-6CE6-4832-B01D-88AAA3CAD034}"
EndProject
Project("{FAE04EC0-301F-11D3-BF4B-00C04F79EFBC}") = "UITestApp1", "UITestApp1\UITestApp1\UITestApp1.csproj", "{DEBEEF62-2001-451F-B8D8-EC3FFABDBAFD}"
EndProject
Project("{FAE04EC0-301F-11D3-BF4B-00C04F79EFBC}") = "UITestApp1.Android", "UITestApp1\UITestApp1.Android\UITestApp1.Android.csproj", "{1947C1F8-3197-408D-948E-828AFF78E817}"
EndProject
Project("{FAE04EC0-301F-11D3-BF4B-00C04F79EFBC}") = "UITestApp1.iOS", "UITestApp1\UITestApp1.iOS\UITestApp1.iOS.csproj", "{B7AC7AAB-ABEA-416D-B6D1-C1CC4A0DEC41}"
EndProject
Global
	GlobalSection(SolutionConfigurationPlatforms) = preSolution
		Debug|Any CPU = Debug|Any CPU
		Debug|ARM = Debug|ARM
		Debug|iPhone = Debug|iPhone
		Debug|iPhoneSimulator = Debug|iPhoneSimulator
		Debug|x64 = Debug|x64
		Debug|x86 = Debug|x86
		Release|Any CPU = Release|Any CPU
		Release|ARM = Release|ARM
		Release|iPhone = Release|iPhone
		Release|iPhoneSimulator = Release|iPhoneSimulator
		Release|x64 = Release|x64
		Release|x86 = Release|x86
	EndGlobalSection
	GlobalSection(ProjectConfigurationPlatforms) = postSolution
		{712EEB25-6CE6-4832-B01D-88AAA3CAD034}.Debug|Any CPU.ActiveCfg = Debug|Any CPU
		{712EEB25-6CE6-4832-B01D-88AAA3CAD034}.Debug|Any CPU.Build.0 = Debug|Any CPU
		{712EEB25-6CE6-4832-B01D-88AAA3CAD034}.Debug|ARM.ActiveCfg = Debug|Any CPU
		{712EEB25-6CE6-4832-B01D-88AAA3CAD034}.Debug|ARM.Build.0 = Debug|Any CPU
		{712EEB25-6CE6-4832-B01D-88AAA3CAD034}.Debug|iPhone.ActiveCfg = Debug|Any CPU
		{712EEB25-6CE6-4832-B01D-88AAA3CAD034}.Debug|iPhone.Build.0 = Debug|Any CPU
		{712EEB25-6CE6-4832-B01D-88AAA3CAD034}.Debug|iPhoneSimulator.ActiveCfg = Debug|Any CPU
		{712EEB25-6CE6-4832-B01D-88AAA3CAD034}.Debug|iPhoneSimulator.Build.0 = Debug|Any CPU
		{712EEB25-6CE6-4832-B01D-88AAA3CAD034}.Debug|x64.ActiveCfg = Debug|Any CPU
		{712EEB25-6CE6-4832-B01D-88AAA3CAD034}.Debug|x64.Build.0 = Debug|Any CPU
		{712EEB25-6CE6-4832-B01D-88AAA3CAD034}.Debug|x86.ActiveCfg = Debug|Any CPU
		{712EEB25-6CE6-4832-B01D-88AAA3CAD034}.Debug|x86.Build.0 = Debug|Any CPU
		{712EEB25-6CE6-4832-B01D-88AAA3CAD034}.Release|Any CPU.ActiveCfg = Release|Any CPU
		{712EEB25-6CE6-4832-B01D-88AAA3CAD034}.Release|Any CPU.Build.0 = Release|Any CPU
		{712EEB25-6CE6-4832-B01D-88AAA3CAD034}.Release|ARM.ActiveCfg = Release|Any CPU
		{712EEB25-6CE6-4832-B01D-88AAA3CAD034}.Release|ARM.Build.0 = Release|Any CPU
		{712EEB25-6CE6-4832-B01D-88AAA3CAD034}.Release|iPhone.ActiveCfg = Release|Any CPU
		{712EEB25-6CE6-4832-B01D-88AAA3CAD034}.Release|iPhone.Build.0 = Release|Any CPU
		{712EEB25-6CE6-4832-B01D-88AAA3CAD034}.Release|iPhoneSimulator.ActiveCfg = Release|Any CPU
		{712EEB25-6CE6-4832-B01D-88AAA3CAD034}.Release|iPhoneSimulator.Build.0 = Release|Any CPU
		{712EEB25-6CE6-4832-B01D-88AAA3CAD034}.Release|x64.ActiveCfg = Release|Any CPU
		{712EEB25-6CE6-4832-B01D-88AAA3CAD034}.Release|x64.Build.0 = Release|Any CPU
		{712EEB25-6CE6-4832-B01D-88AAA3CAD034}.Release|x86.ActiveCfg = Release|Any CPU
		{712EEB25-6CE6-4832-B01D-88AAA3CAD034}.Release|x86.Build.0 = Release|Any CPU
		{DEBEEF62-2001-451F-B8D8-EC3FFABDBAFD}.Debug|Any CPU.ActiveCfg = Debug|Any CPU
		{DEBEEF62-2001-451F-B8D8-EC3FFABDBAFD}.Debug|Any CPU.Build.0 = Debug|Any CPU
		{DEBEEF62-2001-451F-B8D8-EC3FFABDBAFD}.Debug|ARM.ActiveCfg = Debug|Any CPU
		{DEBEEF62-2001-451F-B8D8-EC3FFABDBAFD}.Debug|ARM.Build.0 = Debug|Any CPU
		{DEBEEF62-2001-451F-B8D8-EC3FFABDBAFD}.Debug|iPhone.ActiveCfg = Debug|Any CPU
		{DEBEEF62-2001-451F-B8D8-EC3FFABDBAFD}.Debug|iPhone.Build.0 = Debug|Any CPU
		{DEBEEF62-2001-451F-B8D8-EC3FFABDBAFD}.Debug|iPhoneSimulator.ActiveCfg = Debug|Any CPU
		{DEBEEF62-2001-451F-B8D8-EC3FFABDBAFD}.Debug|iPhoneSimulator.Build.0 = Debug|Any CPU
		{DEBEEF62-2001-451F-B8D8-EC3FFABDBAFD}.Debug|x64.ActiveCfg = Debug|Any CPU
		{DEBEEF62-2001-451F-B8D8-EC3FFABDBAFD}.Debug|x64.Build.0 = Debug|Any CPU
		{DEBEEF62-2001-451F-B8D8-EC3FFABDBAFD}.Debug|x86.ActiveCfg = Debug|Any CPU
		{DEBEEF62-2001-451F-B8D8-EC3FFABDBAFD}.Debug|x86.Build.0 = Debug|Any CPU
		{DEBEEF62-2001-451F-B8D8-EC3FFABDBAFD}.Release|Any CPU.ActiveCfg = Release|Any CPU
		{DEBEEF62-2001-451F-B8D8-EC3FFABDBAFD}.Release|Any CPU.Build.0 = Release|Any CPU
		{DEBEEF62-2001-451F-B8D8-EC3FFABDBAFD}.Release|ARM.ActiveCfg = Release|Any CPU
		{DEBEEF62-2001-451F-B8D8-EC3FFABDBAFD}.Release|ARM.Build.0 = Release|Any CPU
		{DEBEEF62-2001-451F-B8D8-EC3FFABDBAFD}.Release|iPhone.ActiveCfg = Release|Any CPU
		{DEBEEF62-2001-451F-B8D8-EC3FFABDBAFD}.Release|iPhone.Build.0 = Release|Any CPU
		{DEBEEF62-2001-451F-B8D8-EC3FFABDBAFD}.Release|iPhoneSimulator.ActiveCfg = Release|Any CPU
		{DEBEEF62-2001-451F-B8D8-EC3FFABDBAFD}.Release|iPhoneSimulator.Build.0 = Release|Any CPU
		{DEBEEF62-2001-451F-B8D8-EC3FFABDBAFD}.Release|x64.ActiveCfg = Release|Any CPU
		{DEBEEF62-2001-451F-B8D8-EC3FFABDBAFD}.Release|x64.Build.0 = Release|Any CPU
		{DEBEEF62-2001-451F-B8D8-EC3FFABDBAFD}.Release|x86.ActiveCfg = Release|Any CPU
		{DEBEEF62-2001-451F-B8D8-EC3FFABDBAFD}.Release|x86.Build.0 = Release|Any CPU
		{1947C1F8-3197-408D-948E-828AFF78E817}.Debug|Any CPU.ActiveCfg = Debug|Any CPU
		{1947C1F8-3197-408D-948E-828AFF78E817}.Debug|Any CPU.Build.0 = Debug|Any CPU
		{1947C1F8-3197-408D-948E-828AFF78E817}.Debug|Any CPU.Deploy.0 = Debug|Any CPU
		{1947C1F8-3197-408D-948E-828AFF78E817}.Debug|ARM.ActiveCfg = Debug|Any CPU
		{1947C1F8-3197-408D-948E-828AFF78E817}.Debug|ARM.Build.0 = Debug|Any CPU
		{1947C1F8-3197-408D-948E-828AFF78E817}.Debug|ARM.Deploy.0 = Debug|Any CPU
		{1947C1F8-3197-408D-948E-828AFF78E817}.Debug|iPhone.ActiveCfg = Debug|Any CPU
		{1947C1F8-3197-408D-948E-828AFF78E817}.Debug|iPhone.Build.0 = Debug|Any CPU
		{1947C1F8-3197-408D-948E-828AFF78E817}.Debug|iPhone.Deploy.0 = Debug|Any CPU
		{1947C1F8-3197-408D-948E-828AFF78E817}.Debug|iPhoneSimulator.ActiveCfg = Debug|Any CPU
		{1947C1F8-3197-408D-948E-828AFF78E817}.Debug|iPhoneSimulator.Build.0 = Debug|Any CPU
		{1947C1F8-3197-408D-948E-828AFF78E817}.Debug|iPhoneSimulator.Deploy.0 = Debug|Any CPU
		{1947C1F8-3197-408D-948E-828AFF78E817}.Debug|x64.ActiveCfg = Debug|Any CPU
		{1947C1F8-3197-408D-948E-828AFF78E817}.Debug|x64.Build.0 = Debug|Any CPU
		{1947C1F8-3197-408D-948E-828AFF78E817}.Debug|x64.Deploy.0 = Debug|Any CPU
		{1947C1F8-3197-408D-948E-828AFF78E817}.Debug|x86.ActiveCfg = Debug|Any CPU
		{1947C1F8-3197-408D-948E-828AFF78E817}.Debug|x86.Build.0 = Debug|Any CPU
		{1947C1F8-3197-408D-948E-828AFF78E817}.Debug|x86.Deploy.0 = Debug|Any CPU
		{1947C1F8-3197-408D-948E-828AFF78E817}.Release|Any CPU.ActiveCfg = Release|Any CPU
		{1947C1F8-3197-408D-948E-828AFF78E817}.Release|Any CPU.Build.0 = Release|Any CPU
		{1947C1F8-3197-408D-948E-828AFF78E817}.Release|Any CPU.Deploy.0 = Release|Any CPU
		{1947C1F8-3197-408D-948E-828AFF78E817}.Release|ARM.ActiveCfg = Release|Any CPU
		{1947C1F8-3197-408D-948E-828AFF78E817}.Release|ARM.Build.0 = Release|Any CPU
		{1947C1F8-3197-408D-948E-828AFF78E817}.Release|ARM.Deploy.0 = Release|Any CPU
		{1947C1F8-3197-408D-948E-828AFF78E817}.Release|iPhone.ActiveCfg = Release|Any CPU
		{1947C1F8-3197-408D-948E-828AFF78E817}.Release|iPhone.Build.0 = Release|Any CPU
		{1947C1F8-3197-408D-948E-828AFF78E817}.Release|iPhone.Deploy.0 = Release|Any CPU
		{1947C1F8-3197-408D-948E-828AFF78E817}.Release|iPhoneSimulator.ActiveCfg = Release|Any CPU
		{1947C1F8-3197-408D-948E-828AFF78E817}.Release|iPhoneSimulator.Build.0 = Release|Any CPU
		{1947C1F8-3197-408D-948E-828AFF78E817}.Release|iPhoneSimulator.Deploy.0 = Release|Any CPU
		{1947C1F8-3197-408D-948E-828AFF78E817}.Release|x64.ActiveCfg = Release|Any CPU
		{1947C1F8-3197-408D-948E-828AFF78E817}.Release|x64.Build.0 = Release|Any CPU
		{1947C1F8-3197-408D-948E-828AFF78E817}.Release|x64.Deploy.0 = Release|Any CPU
		{1947C1F8-3197-408D-948E-828AFF78E817}.Release|x86.ActiveCfg = Release|Any CPU
		{1947C1F8-3197-408D-948E-828AFF78E817}.Release|x86.Build.0 = Release|Any CPU
		{1947C1F8-3197-408D-948E-828AFF78E817}.Release|x86.Deploy.0 = Release|Any CPU
		{B7AC7AAB-ABEA-416D-B6D1-C1CC4A0DEC41}.Debug|Any CPU.ActiveCfg = Debug|iPhone
		{B7AC7AAB-ABEA-416D-B6D1-C1CC4A0DEC41}.Debug|ARM.ActiveCfg = Debug|iPhone
		{B7AC7AAB-ABEA-416D-B6D1-C1CC4A0DEC41}.Debug|iPhone.ActiveCfg = Debug|iPhone
		{B7AC7AAB-ABEA-416D-B6D1-C1CC4A0DEC41}.Debug|iPhone.Build.0 = Debug|iPhone
		{B7AC7AAB-ABEA-416D-B6D1-C1CC4A0DEC41}.Debug|iPhoneSimulator.ActiveCfg = Debug|iPhoneSimulator
		{B7AC7AAB-ABEA-416D-B6D1-C1CC4A0DEC41}.Debug|iPhoneSimulator.Build.0 = Debug|iPhoneSimulator
		{B7AC7AAB-ABEA-416D-B6D1-C1CC4A0DEC41}.Debug|x64.ActiveCfg = Debug|iPhone
		{B7AC7AAB-ABEA-416D-B6D1-C1CC4A0DEC41}.Debug|x86.ActiveCfg = Debug|iPhone
		{B7AC7AAB-ABEA-416D-B6D1-C1CC4A0DEC41}.Release|Any CPU.ActiveCfg = Release|iPhone
		{B7AC7AAB-ABEA-416D-B6D1-C1CC4A0DEC41}.Release|ARM.ActiveCfg = Release|iPhone
		{B7AC7AAB-ABEA-416D-B6D1-C1CC4A0DEC41}.Release|iPhone.ActiveCfg = Release|iPhone
		{B7AC7AAB-ABEA-416D-B6D1-C1CC4A0DEC41}.Release|iPhone.Build.0 = Release|iPhone
		{B7AC7AAB-ABEA-416D-B6D1-C1CC4A0DEC41}.Release|iPhoneSimulator.ActiveCfg = Release|iPhoneSimulator
		{B7AC7AAB-ABEA-416D-B6D1-C1CC4A0DEC41}.Release|iPhoneSimulator.Build.0 = Release|iPhoneSimulator
		{B7AC7AAB-ABEA-416D-B6D1-C1CC4A0DEC41}.Release|x64.ActiveCfg = Release|iPhone
		{B7AC7AAB-ABEA-416D-B6D1-C1CC4A0DEC41}.Release|x86.ActiveCfg = Release|iPhone
	EndGlobalSection
	GlobalSection(SolutionProperties) = preSolution
		HideSolutionNode = FALSE
	EndGlobalSection
EndGlobal
